// !$*UTF8*$!
{
	archiveVersion = 1;
	classes = {
	};
	objectVersion = 77;
	objects = {

/* Begin PBXBuildFile section */
		AC378AB92CB1D64D00F1B9CC /* CardView.swift in Sources */ = {isa = PBXBuildFile; fileRef = AC378AB82CB1D64D00F1B9CC /* CardView.swift */; };
		AC378ABB2CB3831000F1B9CC /* CreateFlashcardView.swift in Sources */ = {isa = PBXBuildFile; fileRef = AC378ABA2CB3831000F1B9CC /* CreateFlashcardView.swift */; };
/* End PBXBuildFile section */

/* Begin PBXContainerItemProxy section */
		ACDC7D022CAC8A3700DA93C3 /* PBXContainerItemProxy */ = {
			isa = PBXContainerItemProxy;
			containerPortal = ACDC7CE92CAC8A3300DA93C3 /* Project object */;
			proxyType = 1;
			remoteGlobalIDString = ACDC7CF02CAC8A3300DA93C3;
			remoteInfo = Flashcard;
		};
		ACDC7D0C2CAC8A3700DA93C3 /* PBXContainerItemProxy */ = {
			isa = PBXContainerItemProxy;
			containerPortal = ACDC7CE92CAC8A3300DA93C3 /* Project object */;
			proxyType = 1;
			remoteGlobalIDString = ACDC7CF02CAC8A3300DA93C3;
			remoteInfo = Flashcard;
		};
/* End PBXContainerItemProxy section */

/* Begin PBXFileReference section */
		AC378AB82CB1D64D00F1B9CC /* CardView.swift */ = {isa = PBXFileReference; lastKnownFileType = sourcecode.swift; path = CardView.swift; sourceTree = "<group>"; };
		AC378ABA2CB3831000F1B9CC /* CreateFlashcardView.swift */ = {isa = PBXFileReference; lastKnownFileType = sourcecode.swift; path = CreateFlashcardView.swift; sourceTree = "<group>"; };
		ACDC7CF12CAC8A3300DA93C3 /* Flashcard.app */ = {isa = PBXFileReference; explicitFileType = wrapper.application; includeInIndex = 0; path = Flashcard.app; sourceTree = BUILT_PRODUCTS_DIR; };
		ACDC7D012CAC8A3700DA93C3 /* FlashcardTests.xctest */ = {isa = PBXFileReference; explicitFileType = wrapper.cfbundle; includeInIndex = 0; path = FlashcardTests.xctest; sourceTree = BUILT_PRODUCTS_DIR; };
		ACDC7D0B2CAC8A3700DA93C3 /* FlashcardUITests.xctest */ = {isa = PBXFileReference; explicitFileType = wrapper.cfbundle; includeInIndex = 0; path = FlashcardUITests.xctest; sourceTree = BUILT_PRODUCTS_DIR; };
/* End PBXFileReference section */

/* Begin PBXFileSystemSynchronizedRootGroup section */
		ACDC7CF32CAC8A3300DA93C3 /* Flashcard */ = {
			isa = PBXFileSystemSynchronizedRootGroup;
			path = Flashcard;
			sourceTree = "<group>";
		};
		ACDC7D042CAC8A3700DA93C3 /* FlashcardTests */ = {
			isa = PBXFileSystemSynchronizedRootGroup;
			path = FlashcardTests;
			sourceTree = "<group>";
		};
		ACDC7D0E2CAC8A3700DA93C3 /* FlashcardUITests */ = {
			isa = PBXFileSystemSynchronizedRootGroup;
			path = FlashcardUITests;
			sourceTree = "<group>";
		};
/* End PBXFileSystemSynchronizedRootGroup section */

/* Begin PBXFrameworksBuildPhase section */
		ACDC7CEE2CAC8A3300DA93C3 /* Frameworks */ = {
			isa = PBXFrameworksBuildPhase;
			buildActionMask = 2147483647;
			files = (
			);
			runOnlyForDeploymentPostprocessing = 0;
		};
		ACDC7CFE2CAC8A3700DA93C3 /* Frameworks */ = {
			isa = PBXFrameworksBuildPhase;
			buildActionMask = 2147483647;
			files = (
			);
			runOnlyForDeploymentPostprocessing = 0;
		};
		ACDC7D082CAC8A3700DA93C3 /* Frameworks */ = {
			isa = PBXFrameworksBuildPhase;
			buildActionMask = 2147483647;
			files = (
			);
			runOnlyForDeploymentPostprocessing = 0;
		};
/* End PBXFrameworksBuildPhase section */

/* Begin PBXGroup section */
		ACDC7CE82CAC8A3300DA93C3 = {
			isa = PBXGroup;
			children = (
				AC378ABA2CB3831000F1B9CC /* CreateFlashcardView.swift */,
				AC378AB82CB1D64D00F1B9CC /* CardView.swift */,
				ACDC7CF32CAC8A3300DA93C3 /* Flashcard */,
				ACDC7D042CAC8A3700DA93C3 /* FlashcardTests */,
				ACDC7D0E2CAC8A3700DA93C3 /* FlashcardUITests */,
				ACDC7CF22CAC8A3300DA93C3 /* Products */,
			);
			sourceTree = "<group>";
		};
		ACDC7CF22CAC8A3300DA93C3 /* Products */ = {
			isa = PBXGroup;
			children = (
				ACDC7CF12CAC8A3300DA93C3 /* Flashcard.app */,
				ACDC7D012CAC8A3700DA93C3 /* FlashcardTests.xctest */,
				ACDC7D0B2CAC8A3700DA93C3 /* FlashcardUITests.xctest */,
			);
			name = Products;
			sourceTree = "<group>";
		};
/* End PBXGroup section */

/* Begin PBXNativeTarget section */
		ACDC7CF02CAC8A3300DA93C3 /* Flashcard */ = {
			isa = PBXNativeTarget;
			buildConfigurationList = ACDC7D152CAC8A3700DA93C3 /* Build configuration list for PBXNativeTarget "Flashcard" */;
			buildPhases = (
				ACDC7CED2CAC8A3300DA93C3 /* Sources */,
				ACDC7CEE2CAC8A3300DA93C3 /* Frameworks */,
				ACDC7CEF2CAC8A3300DA93C3 /* Resources */,
			);
			buildRules = (
			);
			dependencies = (
			);
			fileSystemSynchronizedGroups = (
				ACDC7CF32CAC8A3300DA93C3 /* Flashcard */,
			);
			name = Flashcard;
			packageProductDependencies = (
			);
			productName = Flashcard;
			productReference = ACDC7CF12CAC8A3300DA93C3 /* Flashcard.app */;
			productType = "com.apple.product-type.application";
		};
		ACDC7D002CAC8A3700DA93C3 /* FlashcardTests */ = {
			isa = PBXNativeTarget;
			buildConfigurationList = ACDC7D182CAC8A3700DA93C3 /* Build configuration list for PBXNativeTarget "FlashcardTests" */;
			buildPhases = (
				ACDC7CFD2CAC8A3700DA93C3 /* Sources */,
				ACDC7CFE2CAC8A3700DA93C3 /* Frameworks */,
				ACDC7CFF2CAC8A3700DA93C3 /* Resources */,
			);
			buildRules = (
			);
			dependencies = (
				ACDC7D032CAC8A3700DA93C3 /* PBXTargetDependency */,
			);
			fileSystemSynchronizedGroups = (
				ACDC7D042CAC8A3700DA93C3 /* FlashcardTests */,
			);
			name = FlashcardTests;
			packageProductDependencies = (
			);
			productName = FlashcardTests;
			productReference = ACDC7D012CAC8A3700DA93C3 /* FlashcardTests.xctest */;
			productType = "com.apple.product-type.bundle.unit-test";
		};
		ACDC7D0A2CAC8A3700DA93C3 /* FlashcardUITests */ = {
			isa = PBXNativeTarget;
			buildConfigurationList = ACDC7D1B2CAC8A3700DA93C3 /* Build configuration list for PBXNativeTarget "FlashcardUITests" */;
			buildPhases = (
				ACDC7D072CAC8A3700DA93C3 /* Sources */,
				ACDC7D082CAC8A3700DA93C3 /* Frameworks */,
				ACDC7D092CAC8A3700DA93C3 /* Resources */,
			);
			buildRules = (
			);
			dependencies = (
				ACDC7D0D2CAC8A3700DA93C3 /* PBXTargetDependency */,
			);
			fileSystemSynchronizedGroups = (
				ACDC7D0E2CAC8A3700DA93C3 /* FlashcardUITests */,
			);
			name = FlashcardUITests;
			packageProductDependencies = (
			);
			productName = FlashcardUITests;
			productReference = ACDC7D0B2CAC8A3700DA93C3 /* FlashcardUITests.xctest */;
			productType = "com.apple.product-type.bundle.ui-testing";
		};
/* End PBXNativeTarget section */

/* Begin PBXProject section */
		ACDC7CE92CAC8A3300DA93C3 /* Project object */ = {
			isa = PBXProject;
			attributes = {
				BuildIndependentTargetsInParallel = 1;
				LastSwiftUpdateCheck = 1600;
				LastUpgradeCheck = 1600;
				TargetAttributes = {
					ACDC7CF02CAC8A3300DA93C3 = {
						CreatedOnToolsVersion = 16.0;
					};
					ACDC7D002CAC8A3700DA93C3 = {
						CreatedOnToolsVersion = 16.0;
						TestTargetID = ACDC7CF02CAC8A3300DA93C3;
					};
					ACDC7D0A2CAC8A3700DA93C3 = {
						CreatedOnToolsVersion = 16.0;
						TestTargetID = ACDC7CF02CAC8A3300DA93C3;
					};
				};
			};
			buildConfigurationList = ACDC7CEC2CAC8A3300DA93C3 /* Build configuration list for PBXProject "Flashcard" */;
			developmentRegion = en;
			hasScannedForEncodings = 0;
			knownRegions = (
				en,
				Base,
			);
			mainGroup = ACDC7CE82CAC8A3300DA93C3;
			minimizedProjectReferenceProxies = 1;
			preferredProjectObjectVersion = 77;
			productRefGroup = ACDC7CF22CAC8A3300DA93C3 /* Products */;
			projectDirPath = "";
			projectRoot = "";
			targets = (
				ACDC7CF02CAC8A3300DA93C3 /* Flashcard */,
				ACDC7D002CAC8A3700DA93C3 /* FlashcardTests */,
				ACDC7D0A2CAC8A3700DA93C3 /* FlashcardUITests */,
			);
		};
/* End PBXProject section */

/* Begin PBXResourcesBuildPhase section */
		ACDC7CEF2CAC8A3300DA93C3 /* Resources */ = {
			isa = PBXResourcesBuildPhase;
			buildActionMask = 2147483647;
			files = (
			);
			runOnlyForDeploymentPostprocessing = 0;
		};
		ACDC7CFF2CAC8A3700DA93C3 /* Resources */ = {
			isa = PBXResourcesBuildPhase;
			buildActionMask = 2147483647;
			files = (
			);
			runOnlyForDeploymentPostprocessing = 0;
		};
		ACDC7D092CAC8A3700DA93C3 /* Resources */ = {
			isa = PBXResourcesBuildPhase;
			buildActionMask = 2147483647;
			files = (
			);
			runOnlyForDeploymentPostprocessing = 0;
		};
/* End PBXResourcesBuildPhase section */

/* Begin PBXSourcesBuildPhase section */
		ACDC7CED2CAC8A3300DA93C3 /* Sources */ = {
			isa = PBXSourcesBuildPhase;
			buildActionMask = 2147483647;
			files = (
				AC378AB92CB1D64D00F1B9CC /* CardView.swift in Sources */,
				AC378ABB2CB3831000F1B9CC /* CreateFlashcardView.swift in Sources */,
			);
			runOnlyForDeploymentPostprocessing = 0;
		};
		ACDC7CFD2CAC8A3700DA93C3 /* Sources */ = {
			isa = PBXSourcesBuildPhase;
			buildActionMask = 2147483647;
			files = (
			);
			runOnlyForDeploymentPostprocessing = 0;
		};
		ACDC7D072CAC8A3700DA93C3 /* Sources */ = {
			isa = PBXSourcesBuildPhase;
			buildActionMask = 2147483647;
			files = (
			);
			runOnlyForDeploymentPostprocessing = 0;
		};
/* End PBXSourcesBuildPhase section */

/* Begin PBXTargetDependency section */
		ACDC7D032CAC8A3700DA93C3 /* PBXTargetDependency */ = {
			isa = PBXTargetDependency;
			target = ACDC7CF02CAC8A3300DA93C3 /* Flashcard */;
			targetProxy = ACDC7D022CAC8A3700DA93C3 /* PBXContainerItemProxy */;
		};
		ACDC7D0D2CAC8A3700DA93C3 /* PBXTargetDependency */ = {
			isa = PBXTargetDependency;
			target = ACDC7CF02CAC8A3300DA93C3 /* Flashcard */;
			targetProxy = ACDC7D0C2CAC8A3700DA93C3 /* PBXContainerItemProxy */;
		};
/* End PBXTargetDependency section */

/* Begin XCBuildConfiguration section */
		ACDC7D132CAC8A3700DA93C3 /* Debug */ = {
			isa = XCBuildConfiguration;
			buildSettings = {
				ALWAYS_SEARCH_USER_PATHS = NO;
				ASSETCATALOG_COMPILER_GENERATE_SWIFT_ASSET_SYMBOL_EXTENSIONS = YES;
				CLANG_ANALYZER_NONNULL = YES;
				CLANG_ANALYZER_NUMBER_OBJECT_CONVERSION = YES_AGGRESSIVE;
				CLANG_CXX_LANGUAGE_STANDARD = "gnu++20";
				CLANG_ENABLE_MODULES = YES;
				CLANG_ENABLE_OBJC_ARC = YES;
				CLANG_ENABLE_OBJC_WEAK = YES;
				CLANG_WARN_BLOCK_CAPTURE_AUTORELEASING = YES;
				CLANG_WARN_BOOL_CONVERSION = YES;
				CLANG_WARN_COMMA = YES;
				CLANG_WARN_CONSTANT_CONVERSION = YES;
				CLANG_WARN_DEPRECATED_OBJC_IMPLEMENTATIONS = YES;
				CLANG_WARN_DIRECT_OBJC_ISA_USAGE = YES_ERROR;
				CLANG_WARN_DOCUMENTATION_COMMENTS = YES;
				CLANG_WARN_EMPTY_BODY = YES;
				CLANG_WARN_ENUM_CONVERSION = YES;
				CLANG_WARN_INFINITE_RECURSION = YES;
				CLANG_WARN_INT_CONVERSION = YES;
				CLANG_WARN_NON_LITERAL_NULL_CONVERSION = YES;
				CLANG_WARN_OBJC_IMPLICIT_RETAIN_SELF = YES;
				CLANG_WARN_OBJC_LITERAL_CONVERSION = YES;
				CLANG_WARN_OBJC_ROOT_CLASS = YES_ERROR;
				CLANG_WARN_QUOTED_INCLUDE_IN_FRAMEWORK_HEADER = YES;
				CLANG_WARN_RANGE_LOOP_ANALYSIS = YES;
				CLANG_WARN_STRICT_PROTOTYPES = YES;
				CLANG_WARN_SUSPICIOUS_MOVE = YES;
				CLANG_WARN_UNGUARDED_AVAILABILITY = YES_AGGRESSIVE;
				CLANG_WARN_UNREACHABLE_CODE = YES;
				CLANG_WARN__DUPLICATE_METHOD_MATCH = YES;
				COPY_PHASE_STRIP = NO;
				DEBUG_INFORMATION_FORMAT = dwarf;
				ENABLE_STRICT_OBJC_MSGSEND = YES;
				ENABLE_TESTABILITY = YES;
				ENABLE_USER_SCRIPT_SANDBOXING = YES;
				GCC_C_LANGUAGE_STANDARD = gnu17;
				GCC_DYNAMIC_NO_PIC = NO;
				GCC_NO_COMMON_BLOCKS = YES;
				GCC_OPTIMIZATION_LEVEL = 0;
				GCC_PREPROCESSOR_DEFINITIONS = (
					"DEBUG=1",
					"$(inherited)",
				);
				GCC_WARN_64_TO_32_BIT_CONVERSION = YES;
				GCC_WARN_ABOUT_RETURN_TYPE = YES_ERROR;
				GCC_WARN_UNDECLARED_SELECTOR = YES;
				GCC_WARN_UNINITIALIZED_AUTOS = YES_AGGRESSIVE;
				GCC_WARN_UNUSED_FUNCTION = YES;
				GCC_WARN_UNUSED_VARIABLE = YES;
				IPHONEOS_DEPLOYMENT_TARGET = 18.0;
				LOCALIZATION_PREFERS_STRING_CATALOGS = YES;
				MTL_ENABLE_DEBUG_INFO = INCLUDE_SOURCE;
				MTL_FAST_MATH = YES;
				ONLY_ACTIVE_ARCH = YES;
				SDKROOT = iphoneos;
				SWIFT_ACTIVE_COMPILATION_CONDITIONS = "DEBUG $(inherited)";
				SWIFT_OPTIMIZATION_LEVEL = "-Onone";
			};
			name = Debug;
		};
		ACDC7D142CAC8A3700DA93C3 /* Release */ = {
			isa = XCBuildConfiguration;
			buildSettings = {
				ALWAYS_SEARCH_USER_PATHS = NO;
				ASSETCATALOG_COMPILER_GENERATE_SWIFT_ASSET_SYMBOL_EXTENSIONS = YES;
				CLANG_ANALYZER_NONNULL = YES;
				CLANG_ANALYZER_NUMBER_OBJECT_CONVERSION = YES_AGGRESSIVE;
				CLANG_CXX_LANGUAGE_STANDARD = "gnu++20";
				CLANG_ENABLE_MODULES = YES;
				CLANG_ENABLE_OBJC_ARC = YES;
				CLANG_ENABLE_OBJC_WEAK = YES;
				CLANG_WARN_BLOCK_CAPTURE_AUTORELEASING = YES;
				CLANG_WARN_BOOL_CONVERSION = YES;
				CLANG_WARN_COMMA = YES;
				CLANG_WARN_CONSTANT_CONVERSION = YES;
				CLANG_WARN_DEPRECATED_OBJC_IMPLEMENTATIONS = YES;
				CLANG_WARN_DIRECT_OBJC_ISA_USAGE = YES_ERROR;
				CLANG_WARN_DOCUMENTATION_COMMENTS = YES;
				CLANG_WARN_EMPTY_BODY = YES;
				CLANG_WARN_ENUM_CONVERSION = YES;
				CLANG_WARN_INFINITE_RECURSION = YES;
				CLANG_WARN_INT_CONVERSION = YES;
				CLANG_WARN_NON_LITERAL_NULL_CONVERSION = YES;
				CLANG_WARN_OBJC_IMPLICIT_RETAIN_SELF = YES;
				CLANG_WARN_OBJC_LITERAL_CONVERSION = YES;
				CLANG_WARN_OBJC_ROOT_CLASS = YES_ERROR;
				CLANG_WARN_QUOTED_INCLUDE_IN_FRAMEWORK_HEADER = YES;
				CLANG_WARN_RANGE_LOOP_ANALYSIS = YES;
				CLANG_WARN_STRICT_PROTOTYPES = YES;
				CLANG_WARN_SUSPICIOUS_MOVE = YES;
				CLANG_WARN_UNGUARDED_AVAILABILITY = YES_AGGRESSIVE;
				CLANG_WARN_UNREACHABLE_CODE = YES;
				CLANG_WARN__DUPLICATE_METHOD_MATCH = YES;
				COPY_PHASE_STRIP = NO;
				DEBUG_INFORMATION_FORMAT = "dwarf-with-dsym";
				ENABLE_NS_ASSERTIONS = NO;
				ENABLE_STRICT_OBJC_MSGSEND = YES;
				ENABLE_USER_SCRIPT_SANDBOXING = YES;
				GCC_C_LANGUAGE_STANDARD = gnu17;
				GCC_NO_COMMON_BLOCKS = YES;
				GCC_WARN_64_TO_32_BIT_CONVERSION = YES;
				GCC_WARN_ABOUT_RETURN_TYPE = YES_ERROR;
				GCC_WARN_UNDECLARED_SELECTOR = YES;
				GCC_WARN_UNINITIALIZED_AUTOS = YES_AGGRESSIVE;
				GCC_WARN_UNUSED_FUNCTION = YES;
				GCC_WARN_UNUSED_VARIABLE = YES;
				IPHONEOS_DEPLOYMENT_TARGET = 18.0;
				LOCALIZATION_PREFERS_STRING_CATALOGS = YES;
				MTL_ENABLE_DEBUG_INFO = NO;
				MTL_FAST_MATH = YES;
				SDKROOT = iphoneos;
				SWIFT_COMPILATION_MODE = wholemodule;
				VALIDATE_PRODUCT = YES;
			};
			name = Release;
		};
		ACDC7D162CAC8A3700DA93C3 /* Debug */ = {
			isa = XCBuildConfiguration;
			buildSettings = {
				ASSETCATALOG_COMPILER_APPICON_NAME = AppIcon;
				ASSETCATALOG_COMPILER_GLOBAL_ACCENT_COLOR_NAME = AccentColor;
				CODE_SIGN_STYLE = Automatic;
				CURRENT_PROJECT_VERSION = 1;
				DEVELOPMENT_ASSET_PATHS = "\"Flashcard/Preview Content\"";
				ENABLE_PREVIEWS = YES;
				GENERATE_INFOPLIST_FILE = YES;
				INFOPLIST_KEY_UIApplicationSceneManifest_Generation = YES;
				INFOPLIST_KEY_UIApplicationSupportsIndirectInputEvents = YES;
				INFOPLIST_KEY_UILaunchScreen_Generation = YES;
				INFOPLIST_KEY_UISupportedInterfaceOrientations_iPad = "UIInterfaceOrientationPortrait UIInterfaceOrientationPortraitUpsideDown UIInterfaceOrientationLandscapeLeft UIInterfaceOrientationLandscapeRight";
				INFOPLIST_KEY_UISupportedInterfaceOrientations_iPhone = "UIInterfaceOrientationPortrait UIInterfaceOrientationLandscapeLeft UIInterfaceOrientationLandscapeRight";
				LD_RUNPATH_SEARCH_PATHS = (
					"$(inherited)",
					"@executable_path/Frameworks",
				);
				MARKETING_VERSION = 1.0;
				PRODUCT_BUNDLE_IDENTIFIER = ios.gc.fiu.edu.Flashcard;
				PRODUCT_NAME = "$(TARGET_NAME)";
				SWIFT_EMIT_LOC_STRINGS = YES;
				SWIFT_VERSION = 5.0;
				TARGETED_DEVICE_FAMILY = "1,2";
			};
			name = Debug;
		};
		ACDC7D172CAC8A3700DA93C3 /* Release */ = {
			isa = XCBuildConfiguration;
			buildSettings = {
				ASSETCATALOG_COMPILER_APPICON_NAME = AppIcon;
				ASSETCATALOG_COMPILER_GLOBAL_ACCENT_COLOR_NAME = AccentColor;
				CODE_SIGN_STYLE = Automatic;
				CURRENT_PROJECT_VERSION = 1;
				DEVELOPMENT_ASSET_PATHS = "\"Flashcard/Preview Content\"";
				ENABLE_PREVIEWS = YES;
				GENERATE_INFOPLIST_FILE = YES;
				INFOPLIST_KEY_UIApplicationSceneManifest_Generation = YES;
				INFOPLIST_KEY_UIApplicationSupportsIndirectInputEvents = YES;
				INFOPLIST_KEY_UILaunchScreen_Generation = YES;
				INFOPLIST_KEY_UISupportedInterfaceOrientations_iPad = "UIInterfaceOrientationPortrait UIInterfaceOrientationPortraitUpsideDown UIInterfaceOrientationLandscapeLeft UIInterfaceOrientationLandscapeRight";
				INFOPLIST_KEY_UISupportedInterfaceOrientations_iPhone = "UIInterfaceOrientationPortrait UIInterfaceOrientationLandscapeLeft UIInterfaceOrientationLandscapeRight";
				LD_RUNPATH_SEARCH_PATHS = (
					"$(inherited)",
					"@executable_path/Frameworks",
				);
				MARKETING_VERSION = 1.0;
				PRODUCT_BUNDLE_IDENTIFIER = ios.gc.fiu.edu.Flashcard;
				PRODUCT_NAME = "$(TARGET_NAME)";
				SWIFT_EMIT_LOC_STRINGS = YES;
				SWIFT_VERSION = 5.0;
				TARGETED_DEVICE_FAMILY = "1,2";
			};
			name = Release;
		};
		ACDC7D192CAC8A3700DA93C3 /* Debug */ = {
			isa = XCBuildConfiguration;
			buildSettings = {
				BUNDLE_LOADER = "$(TEST_HOST)";
				CODE_SIGN_STYLE = Automatic;
				CURRENT_PROJECT_VERSION = 1;
				GENERATE_INFOPLIST_FILE = YES;
				IPHONEOS_DEPLOYMENT_TARGET = 18.0;
				MARKETING_VERSION = 1.0;
				PRODUCT_BUNDLE_IDENTIFIER = ios.gc.fiu.edu.FlashcardTests;
				PRODUCT_NAME = "$(TARGET_NAME)";
				SWIFT_EMIT_LOC_STRINGS = NO;
				SWIFT_VERSION = 5.0;
				TARGETED_DEVICE_FAMILY = "1,2";
				TEST_HOST = "$(BUILT_PRODUCTS_DIR)/Flashcard.app/$(BUNDLE_EXECUTABLE_FOLDER_PATH)/Flashcard";
			};
			name = Debug;
		};
		ACDC7D1A2CAC8A3700DA93C3 /* Release */ = {
			isa = XCBuildConfiguration;
			buildSettings = {
				BUNDLE_LOADER = "$(TEST_HOST)";
				CODE_SIGN_STYLE = Automatic;
				CURRENT_PROJECT_VERSION = 1;
				GENERATE_INFOPLIST_FILE = YES;
				IPHONEOS_DEPLOYMENT_TARGET = 18.0;
				MARKETING_VERSION = 1.0;
				PRODUCT_BUNDLE_IDENTIFIER = ios.gc.fiu.edu.FlashcardTests;
				PRODUCT_NAME = "$(TARGET_NAME)";
				SWIFT_EMIT_LOC_STRINGS = NO;
				SWIFT_VERSION = 5.0;
				TARGETED_DEVICE_FAMILY = "1,2";
				TEST_HOST = "$(BUILT_PRODUCTS_DIR)/Flashcard.app/$(BUNDLE_EXECUTABLE_FOLDER_PATH)/Flashcard";
			};
			name = Release;
		};
		ACDC7D1C2CAC8A3700DA93C3 /* Debug */ = {
			isa = XCBuildConfiguration;
			buildSettings = {
				CODE_SIGN_STYLE = Automatic;
				CURRENT_PROJECT_VERSION = 1;
				GENERATE_INFOPLIST_FILE = YES;
				MARKETING_VERSION = 1.0;
				PRODUCT_BUNDLE_IDENTIFIER = ios.gc.fiu.edu.FlashcardUITests;
				PRODUCT_NAME = "$(TARGET_NAME)";
				SWIFT_EMIT_LOC_STRINGS = NO;
				SWIFT_VERSION = 5.0;
				TARGETED_DEVICE_FAMILY = "1,2";
				TEST_TARGET_NAME = Flashcard;
			};
			name = Debug;
		};
		ACDC7D1D2CAC8A3700DA93C3 /* Release */ = {
			isa = XCBuildConfiguration;
			buildSettings = {
				CODE_SIGN_STYLE = Automatic;
				CURRENT_PROJECT_VERSION = 1;
				GENERATE_INFOPLIST_FILE = YES;
				MARKETING_VERSION = 1.0;
				PRODUCT_BUNDLE_IDENTIFIER = ios.gc.fiu.edu.FlashcardUITests;
				PRODUCT_NAME = "$(TARGET_NAME)";
				SWIFT_EMIT_LOC_STRINGS = NO;
				SWIFT_VERSION = 5.0;
				TARGETED_DEVICE_FAMILY = "1,2";
				TEST_TARGET_NAME = Flashcard;
			};
			name = Release;
		};
/* End XCBuildConfiguration section */

/* Begin XCConfigurationList section */
		ACDC7CEC2CAC8A3300DA93C3 /* Build configuration list for PBXProject "Flashcard" */ = {
			isa = XCConfigurationList;
			buildConfigurations = (
				ACDC7D132CAC8A3700DA93C3 /* Debug */,
				ACDC7D142CAC8A3700DA93C3 /* Release */,
			);
			defaultConfigurationIsVisible = 0;
			defaultConfigurationName = Release;
		};
		ACDC7D152CAC8A3700DA93C3 /* Build configuration list for PBXNativeTarget "Flashcard" */ = {
			isa = XCConfigurationList;
			buildConfigurations = (
				ACDC7D162CAC8A3700DA93C3 /* Debug */,
				ACDC7D172CAC8A3700DA93C3 /* Release */,
			);
			defaultConfigurationIsVisible = 0;
			defaultConfigurationName = Release;
		};
		ACDC7D182CAC8A3700DA93C3 /* Build configuration list for PBXNativeTarget "FlashcardTests" */ = {
			isa = XCConfigurationList;
			buildConfigurations = (
				ACDC7D192CAC8A3700DA93C3 /* Debug */,
				ACDC7D1A2CAC8A3700DA93C3 /* Release */,
			);
			defaultConfigurationIsVisible = 0;
			defaultConfigurationName = Release;
		};
		ACDC7D1B2CAC8A3700DA93C3 /* Build configuration list for PBXNativeTarget "FlashcardUITests" */ = {
			isa = XCConfigurationList;
			buildConfigurations = (
				ACDC7D1C2CAC8A3700DA93C3 /* Debug */,
				ACDC7D1D2CAC8A3700DA93C3 /* Release */,
			);
			defaultConfigurationIsVisible = 0;
			defaultConfigurationName = Release;
		};
/* End XCConfigurationList section */
	};
	rootObject = ACDC7CE92CAC8A3300DA93C3 /* Project object */;
}
